
Microsoft Visual Studio Solution File, Format Version 12.00
# Visual Studio Version 17
VisualStudioVersion = 17.3.32825.248
MinimumVisualStudioVersion = 10.0.40219.1
Project("{FAE04EC0-301F-11D3-BF4B-00C04F79EFBC}") = "Random game", "Random game\Random game.csproj", "{5D559B84-0E58-44CA-9D20-2118573B245A}"
EndProject
Global
	GlobalSection(SolutionConfigurationPlatforms) = preSolution
		Debug|Any CPU = Debug|Any CPU
		Release|Any CPU = Release|Any CPU
	EndGlobalSection
	GlobalSection(ProjectConfigurationPlatforms) = postSolution
		{5D559B84-0E58-44CA-9D20-2118573B245A}.Debug|Any CPU.ActiveCfg = Debug|Any CPU
		{5D559B84-0E58-44CA-9D20-2118573B245A}.Debug|Any CPU.Build.0 = Debug|Any CPU
		{5D559B84-0E58-44CA-9D20-2118573B245A}.Release|Any CPU.ActiveCfg = Release|Any CPU
		{5D559B84-0E58-44CA-9D20-2118573B245A}.Release|Any CPU.Build.0 = Release|Any CPU
	EndGlobalSection
	GlobalSection(SolutionProperties) = preSolution
		HideSolutionNode = FALSE
	EndGlobalSection
	GlobalSection(ExtensibilityGlobals) = postSolution
		SolutionGuid = {3AA0EB75-4204-4F7E-AA82-3E1E1D00A052}
	EndGlobalSection
EndGlobal
